
Microsoft Visual Studio Solution File, Format Version 12.00
Project("{FAE04EC0-301F-11D3-BF4B-00C04F79EFBC}") = "PatrolRewardService", "PatrolRewardService\PatrolRewardService.csproj", "{173F233F-1F50-4646-A03E-48539519CEE2}"
EndProject
Project("{FAE04EC0-301F-11D3-BF4B-00C04F79EFBC}") = "PatrolRewardService.Tests", "PatrolRewardService.Tests\PatrolRewardService.Tests.csproj", "{694A8391-C29E-48B1-AC4C-9F030F2FC1E0}"
EndProject
Global
	GlobalSection(SolutionConfigurationPlatforms) = preSolution
		Debug|Any CPU = Debug|Any CPU
		Release|Any CPU = Release|Any CPU
	EndGlobalSection
	GlobalSection(ProjectConfigurationPlatforms) = postSolution
		{173F233F-1F50-4646-A03E-48539519CEE2}.Debug|Any CPU.ActiveCfg = Debug|Any CPU
		{173F233F-1F50-4646-A03E-48539519CEE2}.Debug|Any CPU.Build.0 = Debug|Any CPU
		{173F233F-1F50-4646-A03E-48539519CEE2}.Release|Any CPU.ActiveCfg = Release|Any CPU
		{173F233F-1F50-4646-A03E-48539519CEE2}.Release|Any CPU.Build.0 = Release|Any CPU
		{694A8391-C29E-48B1-AC4C-9F030F2FC1E0}.Debug|Any CPU.ActiveCfg = Debug|Any CPU
		{694A8391-C29E-48B1-AC4C-9F030F2FC1E0}.Debug|Any CPU.Build.0 = Debug|Any CPU
		{694A8391-C29E-48B1-AC4C-9F030F2FC1E0}.Release|Any CPU.ActiveCfg = Release|Any CPU
		{694A8391-C29E-48B1-AC4C-9F030F2FC1E0}.Release|Any CPU.Build.0 = Release|Any CPU
	EndGlobalSection
EndGlobal
